
Microsoft Visual Studio Solution File, Format Version 12.00
Project("{FAE04EC0-301F-11D3-BF4B-00C04F79EFBC}") = "MongoDbExample.API", "MongoDbExample.API\MongoDbExample.API.csproj", "{3FE479A0-1726-4C28-916C-59BBDDBDDF48}"
EndProject
Project("{FAE04EC0-301F-11D3-BF4B-00C04F79EFBC}") = "MongoDbExample.Data", "MongoDbExample.Data\MongoDbExample.Data.csproj", "{DD1F6187-5D8A-4551-90D5-4FF5F9BE53E5}"
EndProject
Global
	GlobalSection(SolutionConfigurationPlatforms) = preSolution
		Debug|Any CPU = Debug|Any CPU
		Release|Any CPU = Release|Any CPU
	EndGlobalSection
	GlobalSection(ProjectConfigurationPlatforms) = postSolution
		{3FE479A0-1726-4C28-916C-59BBDDBDDF48}.Debug|Any CPU.ActiveCfg = Debug|Any CPU
		{3FE479A0-1726-4C28-916C-59BBDDBDDF48}.Debug|Any CPU.Build.0 = Debug|Any CPU
		{3FE479A0-1726-4C28-916C-59BBDDBDDF48}.Release|Any CPU.ActiveCfg = Release|Any CPU
		{3FE479A0-1726-4C28-916C-59BBDDBDDF48}.Release|Any CPU.Build.0 = Release|Any CPU
		{DD1F6187-5D8A-4551-90D5-4FF5F9BE53E5}.Debug|Any CPU.ActiveCfg = Debug|Any CPU
		{DD1F6187-5D8A-4551-90D5-4FF5F9BE53E5}.Debug|Any CPU.Build.0 = Debug|Any CPU
		{DD1F6187-5D8A-4551-90D5-4FF5F9BE53E5}.Release|Any CPU.ActiveCfg = Release|Any CPU
		{DD1F6187-5D8A-4551-90D5-4FF5F9BE53E5}.Release|Any CPU.Build.0 = Release|Any CPU
	EndGlobalSection
EndGlobal
