Microsoft Visual Studio Solution File, Format Version 12.00
# Visual Studio Version 17
VisualStudioVersion = 17.5.2.0
MinimumVisualStudioVersion = 10.0.40219.1
Project("{FAE04EC0-301F-11D3-BF4B-00C04F79EFBC}") = "MongoDbExample.API", "MongoDbExample.API.csproj", "{341D8A3F-D8A0-D7AC-7015-9F661A240080}"
EndProject
Global
	GlobalSection(SolutionConfigurationPlatforms) = preSolution
		Debug|Any CPU = Debug|Any CPU
		Release|Any CPU = Release|Any CPU
	EndGlobalSection
	GlobalSection(ProjectConfigurationPlatforms) = postSolution
		{341D8A3F-D8A0-D7AC-7015-9F661A240080}.Debug|Any CPU.ActiveCfg = Debug|Any CPU
		{341D8A3F-D8A0-D7AC-7015-9F661A240080}.Debug|Any CPU.Build.0 = Debug|Any CPU
		{341D8A3F-D8A0-D7AC-7015-9F661A240080}.Release|Any CPU.ActiveCfg = Release|Any CPU
		{341D8A3F-D8A0-D7AC-7015-9F661A240080}.Release|Any CPU.Build.0 = Release|Any CPU
	EndGlobalSection
	GlobalSection(SolutionProperties) = preSolution
		HideSolutionNode = FALSE
	EndGlobalSection
	GlobalSection(ExtensibilityGlobals) = postSolution
		SolutionGuid = {CF834441-C5AE-4BC2-97EA-7B9CD7E7637E}
	EndGlobalSection
EndGlobal
